// !$*UTF8*$!
{
	archiveVersion = 1;
	classes = {
	};
	objectVersion = 77;
	objects = {

/* Begin PBXBuildFile section */
		D085C73A2E02D444009A59D3 /* Tabbar.swift in Sources */ = {isa = PBXBuildFile; fileRef = D085C7392E02D444009A59D3 /* Tabbar.swift */; };
		D085C73D2E02D4DB009A59D3 /* Tab.swift in Sources */ = {isa = PBXBuildFile; fileRef = D085C73C2E02D4DB009A59D3 /* Tab.swift */; };
		D085C7402E02D927009A59D3 /* OnboardingViewModel.swift in Sources */ = {isa = PBXBuildFile; fileRef = D085C73F2E02D927009A59D3 /* OnboardingViewModel.swift */; };
		D085C7432E02D948009A59D3 /* GenderSelectionView.swift in Sources */ = {isa = PBXBuildFile; fileRef = D085C7422E02D948009A59D3 /* GenderSelectionView.swift */; };
		D085C7452E02DD62009A59D3 /* InterestPreferencesView.swift in Sources */ = {isa = PBXBuildFile; fileRef = D085C7442E02DD61009A59D3 /* InterestPreferencesView.swift */; };
		D085C7482E02DDAA009A59D3 /* PreviewDatas.swift in Sources */ = {isa = PBXBuildFile; fileRef = D085C7472E02DDAA009A59D3 /* PreviewDatas.swift */; };
		D085C74A2E02E408009A59D3 /* NameEntryView.swift in Sources */ = {isa = PBXBuildFile; fileRef = D085C7492E02E408009A59D3 /* NameEntryView.swift */; };
		D085C74D2E02EAD6009A59D3 /* RouteManager.swift in Sources */ = {isa = PBXBuildFile; fileRef = D085C74C2E02EAD6009A59D3 /* RouteManager.swift */; };
		D085C7502E02F0C3009A59D3 /* NavigationState.swift in Sources */ = {isa = PBXBuildFile; fileRef = D085C74F2E02F0C3009A59D3 /* NavigationState.swift */; };
		D085C7532E0305B6009A59D3 /* BadgeManager.swift in Sources */ = {isa = PBXBuildFile; fileRef = D085C7522E0305B6009A59D3 /* BadgeManager.swift */; };
		D085C7562E0307BC009A59D3 /* UserModel.swift in Sources */ = {isa = PBXBuildFile; fileRef = D085C7552E0307BC009A59D3 /* UserModel.swift */; };
		D085C7592E0307D8009A59D3 /* HomeView.swift in Sources */ = {isa = PBXBuildFile; fileRef = D085C7582E0307D8009A59D3 /* HomeView.swift */; };
		D085C75C2E0307F8009A59D3 /* StoryDetailView.swift in Sources */ = {isa = PBXBuildFile; fileRef = D085C75B2E0307F8009A59D3 /* StoryDetailView.swift */; };
		D085C75F2E030822009A59D3 /* UserCardView.swift in Sources */ = {isa = PBXBuildFile; fileRef = D085C75E2E030822009A59D3 /* UserCardView.swift */; };
		D085C7622E030BA5009A59D3 /* DummyUserDatabase.swift in Sources */ = {isa = PBXBuildFile; fileRef = D085C7612E030BA5009A59D3 /* DummyUserDatabase.swift */; };
		D085C7642E030BBE009A59D3 /* AgeRange.swift in Sources */ = {isa = PBXBuildFile; fileRef = D085C7632E030BBE009A59D3 /* AgeRange.swift */; };
		D085C7662E032910009A59D3 /* RecordingViewModel.swift in Sources */ = {isa = PBXBuildFile; fileRef = D085C7652E032910009A59D3 /* RecordingViewModel.swift */; };
		D085C7692E0421B1009A59D3 /* DSWaveformImage in Frameworks */ = {isa = PBXBuildFile; productRef = D085C7682E0421B1009A59D3 /* DSWaveformImage */; };
		D085C76B2E0421B1009A59D3 /* DSWaveformImageViews in Frameworks */ = {isa = PBXBuildFile; productRef = D085C76A2E0421B1009A59D3 /* DSWaveformImageViews */; };
		D085C76D2E0455C3009A59D3 /* DummyUserDatabaseTests.swift in Sources */ = {isa = PBXBuildFile; fileRef = D085C76C2E0455C3009A59D3 /* DummyUserDatabaseTests.swift */; };
		D085C7702E0458CB009A59D3 /* Localizable.xcstrings in Resources */ = {isa = PBXBuildFile; fileRef = D085C76F2E0458CB009A59D3 /* Localizable.xcstrings */; };
		D085C7852E04A987009A59D3 /* StoryProgressBar.swift in Sources */ = {isa = PBXBuildFile; fileRef = D085C7842E04A987009A59D3 /* StoryProgressBar.swift */; };
		D0FEB31A2E02D1F900442430 /* Preview Assets.xcassets in Resources */ = {isa = PBXBuildFile; fileRef = D0FEB3142E02D1F900442430 /* Preview Assets.xcassets */; };
		D0FEB31B2E02D1F900442430 /* Assets.xcassets in Resources */ = {isa = PBXBuildFile; fileRef = D0FEB3162E02D1F900442430 /* Assets.xcassets */; };
		D0FEB31C2E02D1F900442430 /* BestAppApp.swift in Sources */ = {isa = PBXBuildFile; fileRef = D0FEB3172E02D1F900442430 /* BestAppApp.swift */; };
		D0FEB31D2E02D1F900442430 /* ContentView.swift in Sources */ = {isa = PBXBuildFile; fileRef = D0FEB3182E02D1F900442430 /* ContentView.swift */; };
		D0FEB3202E02D1FD00442430 /* BestAppTests.swift in Sources */ = {isa = PBXBuildFile; fileRef = D0FEB31E2E02D1FD00442430 /* BestAppTests.swift */; };
		D0FEB3242E02D20200442430 /* BestAppUITests.swift in Sources */ = {isa = PBXBuildFile; fileRef = D0FEB3212E02D20200442430 /* BestAppUITests.swift */; };
		D0FEB3252E02D20200442430 /* BestAppUITestsLaunchTests.swift in Sources */ = {isa = PBXBuildFile; fileRef = D0FEB3222E02D20200442430 /* BestAppUITestsLaunchTests.swift */; };
		D0FEB3282E02D22700442430 /* Launch Screen.storyboard in Resources */ = {isa = PBXBuildFile; fileRef = D0FEB3272E02D22700442430 /* Launch Screen.storyboard */; };
/* End PBXBuildFile section */

/* Begin PBXContainerItemProxy section */
		D0FEB2F82E02D01000442430 /* PBXContainerItemProxy */ = {
			isa = PBXContainerItemProxy;
			containerPortal = D0FEB2DF2E02D00E00442430 /* Project object */;
			proxyType = 1;
			remoteGlobalIDString = D0FEB2E62E02D00E00442430;
			remoteInfo = BestApp;
		};
		D0FEB3022E02D01000442430 /* PBXContainerItemProxy */ = {
			isa = PBXContainerItemProxy;
			containerPortal = D0FEB2DF2E02D00E00442430 /* Project object */;
			proxyType = 1;
			remoteGlobalIDString = D0FEB2E62E02D00E00442430;
			remoteInfo = BestApp;
		};
/* End PBXContainerItemProxy section */

/* Begin PBXFileReference section */
		D085C7392E02D444009A59D3 /* Tabbar.swift */ = {isa = PBXFileReference; lastKnownFileType = sourcecode.swift; path = Tabbar.swift; sourceTree = "<group>"; };
		D085C73C2E02D4DB009A59D3 /* Tab.swift */ = {isa = PBXFileReference; lastKnownFileType = sourcecode.swift; path = Tab.swift; sourceTree = "<group>"; };
		D085C73F2E02D927009A59D3 /* OnboardingViewModel.swift */ = {isa = PBXFileReference; lastKnownFileType = sourcecode.swift; path = OnboardingViewModel.swift; sourceTree = "<group>"; };
		D085C7422E02D948009A59D3 /* GenderSelectionView.swift */ = {isa = PBXFileReference; lastKnownFileType = sourcecode.swift; path = GenderSelectionView.swift; sourceTree = "<group>"; };
		D085C7442E02DD61009A59D3 /* InterestPreferencesView.swift */ = {isa = PBXFileReference; lastKnownFileType = sourcecode.swift; path = InterestPreferencesView.swift; sourceTree = "<group>"; };
		D085C7472E02DDAA009A59D3 /* PreviewDatas.swift */ = {isa = PBXFileReference; lastKnownFileType = sourcecode.swift; path = PreviewDatas.swift; sourceTree = "<group>"; };
		D085C7492E02E408009A59D3 /* NameEntryView.swift */ = {isa = PBXFileReference; lastKnownFileType = sourcecode.swift; path = NameEntryView.swift; sourceTree = "<group>"; };
		D085C74C2E02EAD6009A59D3 /* RouteManager.swift */ = {isa = PBXFileReference; lastKnownFileType = sourcecode.swift; path = RouteManager.swift; sourceTree = "<group>"; };
		D085C74F2E02F0C3009A59D3 /* NavigationState.swift */ = {isa = PBXFileReference; lastKnownFileType = sourcecode.swift; path = NavigationState.swift; sourceTree = "<group>"; };
		D085C7522E0305B6009A59D3 /* BadgeManager.swift */ = {isa = PBXFileReference; lastKnownFileType = sourcecode.swift; path = BadgeManager.swift; sourceTree = "<group>"; };
		D085C7552E0307BC009A59D3 /* UserModel.swift */ = {isa = PBXFileReference; lastKnownFileType = sourcecode.swift; path = UserModel.swift; sourceTree = "<group>"; };
		D085C7582E0307D8009A59D3 /* HomeView.swift */ = {isa = PBXFileReference; lastKnownFileType = sourcecode.swift; path = HomeView.swift; sourceTree = "<group>"; };
		D085C75B2E0307F8009A59D3 /* StoryDetailView.swift */ = {isa = PBXFileReference; lastKnownFileType = sourcecode.swift; path = StoryDetailView.swift; sourceTree = "<group>"; };
		D085C75E2E030822009A59D3 /* UserCardView.swift */ = {isa = PBXFileReference; lastKnownFileType = sourcecode.swift; path = UserCardView.swift; sourceTree = "<group>"; };
		D085C7612E030BA5009A59D3 /* DummyUserDatabase.swift */ = {isa = PBXFileReference; lastKnownFileType = sourcecode.swift; path = DummyUserDatabase.swift; sourceTree = "<group>"; };
		D085C7632E030BBE009A59D3 /* AgeRange.swift */ = {isa = PBXFileReference; lastKnownFileType = sourcecode.swift; path = AgeRange.swift; sourceTree = "<group>"; };
		D085C7652E032910009A59D3 /* RecordingViewModel.swift */ = {isa = PBXFileReference; lastKnownFileType = sourcecode.swift; path = RecordingViewModel.swift; sourceTree = "<group>"; };
		D085C76C2E0455C3009A59D3 /* DummyUserDatabaseTests.swift */ = {isa = PBXFileReference; lastKnownFileType = sourcecode.swift; path = DummyUserDatabaseTests.swift; sourceTree = "<group>"; };
		D085C76F2E0458CB009A59D3 /* Localizable.xcstrings */ = {isa = PBXFileReference; lastKnownFileType = text.json.xcstrings; path = Localizable.xcstrings; sourceTree = "<group>"; };
		D085C7842E04A987009A59D3 /* StoryProgressBar.swift */ = {isa = PBXFileReference; lastKnownFileType = sourcecode.swift; path = StoryProgressBar.swift; sourceTree = "<group>"; };
		D0FEB2E72E02D00E00442430 /* BestApp.app */ = {isa = PBXFileReference; explicitFileType = wrapper.application; includeInIndex = 0; path = BestApp.app; sourceTree = BUILT_PRODUCTS_DIR; };
		D0FEB2F72E02D01000442430 /* BestAppTests.xctest */ = {isa = PBXFileReference; explicitFileType = wrapper.cfbundle; includeInIndex = 0; path = BestAppTests.xctest; sourceTree = BUILT_PRODUCTS_DIR; };
		D0FEB3012E02D01000442430 /* BestAppUITests.xctest */ = {isa = PBXFileReference; explicitFileType = wrapper.cfbundle; includeInIndex = 0; path = BestAppUITests.xctest; sourceTree = BUILT_PRODUCTS_DIR; };
		D0FEB3142E02D1F900442430 /* Preview Assets.xcassets */ = {isa = PBXFileReference; lastKnownFileType = folder.assetcatalog; path = "Preview Assets.xcassets"; sourceTree = "<group>"; };
		D0FEB3162E02D1F900442430 /* Assets.xcassets */ = {isa = PBXFileReference; lastKnownFileType = folder.assetcatalog; path = Assets.xcassets; sourceTree = "<group>"; };
		D0FEB3172E02D1F900442430 /* BestAppApp.swift */ = {isa = PBXFileReference; lastKnownFileType = sourcecode.swift; path = BestAppApp.swift; sourceTree = "<group>"; };
		D0FEB3182E02D1F900442430 /* ContentView.swift */ = {isa = PBXFileReference; lastKnownFileType = sourcecode.swift; path = ContentView.swift; sourceTree = "<group>"; };
		D0FEB31E2E02D1FD00442430 /* BestAppTests.swift */ = {isa = PBXFileReference; lastKnownFileType = sourcecode.swift; path = BestAppTests.swift; sourceTree = "<group>"; };
		D0FEB3212E02D20200442430 /* BestAppUITests.swift */ = {isa = PBXFileReference; lastKnownFileType = sourcecode.swift; path = BestAppUITests.swift; sourceTree = "<group>"; };
		D0FEB3222E02D20200442430 /* BestAppUITestsLaunchTests.swift */ = {isa = PBXFileReference; lastKnownFileType = sourcecode.swift; path = BestAppUITestsLaunchTests.swift; sourceTree = "<group>"; };
		D0FEB3272E02D22700442430 /* Launch Screen.storyboard */ = {isa = PBXFileReference; lastKnownFileType = file.storyboard; path = "Launch Screen.storyboard"; sourceTree = "<group>"; };
/* End PBXFileReference section */

/* Begin PBXFrameworksBuildPhase section */
		D0FEB2E42E02D00E00442430 /* Frameworks */ = {
			isa = PBXFrameworksBuildPhase;
			buildActionMask = 2147483647;
			files = (
				D085C7692E0421B1009A59D3 /* DSWaveformImage in Frameworks */,
				D085C76B2E0421B1009A59D3 /* DSWaveformImageViews in Frameworks */,
			);
			runOnlyForDeploymentPostprocessing = 0;
		};
		D0FEB2F42E02D01000442430 /* Frameworks */ = {
			isa = PBXFrameworksBuildPhase;
			buildActionMask = 2147483647;
			files = (
			);
			runOnlyForDeploymentPostprocessing = 0;
		};
		D0FEB2FE2E02D01000442430 /* Frameworks */ = {
			isa = PBXFrameworksBuildPhase;
			buildActionMask = 2147483647;
			files = (
			);
			runOnlyForDeploymentPostprocessing = 0;
		};
/* End PBXFrameworksBuildPhase section */

/* Begin PBXGroup section */
		D085C7382E02D429009A59D3 /* Views */ = {
			isa = PBXGroup;
			children = (
				D085C7572E0307C3009A59D3 /* Main */,
				D085C7412E02D940009A59D3 /* Onboarding */,
				D085C73B2E02D4D4009A59D3 /* Tabbars */,
			);
			path = Views;
			sourceTree = "<group>";
		};
		D085C73B2E02D4D4009A59D3 /* Tabbars */ = {
			isa = PBXGroup;
			children = (
				D085C73C2E02D4DB009A59D3 /* Tab.swift */,
				D085C7392E02D444009A59D3 /* Tabbar.swift */,
			);
			path = Tabbars;
			sourceTree = "<group>";
		};
		D085C73E2E02D91D009A59D3 /* ViewModel */ = {
			isa = PBXGroup;
			children = (
				D085C73F2E02D927009A59D3 /* OnboardingViewModel.swift */,
				D085C7652E032910009A59D3 /* RecordingViewModel.swift */,
			);
			path = ViewModel;
			sourceTree = "<group>";
		};
		D085C7412E02D940009A59D3 /* Onboarding */ = {
			isa = PBXGroup;
			children = (
				D085C7492E02E408009A59D3 /* NameEntryView.swift */,
				D085C7422E02D948009A59D3 /* GenderSelectionView.swift */,
				D085C7442E02DD61009A59D3 /* InterestPreferencesView.swift */,
			);
			path = Onboarding;
			sourceTree = "<group>";
		};
		D085C7462E02DD93009A59D3 /* Extension */ = {
			isa = PBXGroup;
			children = (
				D085C7472E02DDAA009A59D3 /* PreviewDatas.swift */,
			);
			path = Extension;
			sourceTree = "<group>";
		};
		D085C74B2E02EAC0009A59D3 /* Manager */ = {
			isa = PBXGroup;
			children = (
				D085C7602E030B9A009A59D3 /* DataBaseManager */,
				D085C7512E0305AA009A59D3 /* Badge */,
				D085C74E2E02F0AB009A59D3 /* Route */,
			);
			path = Manager;
			sourceTree = "<group>";
		};
		D085C74E2E02F0AB009A59D3 /* Route */ = {
			isa = PBXGroup;
			children = (
				D085C74C2E02EAD6009A59D3 /* RouteManager.swift */,
				D085C74F2E02F0C3009A59D3 /* NavigationState.swift */,
			);
			path = Route;
			sourceTree = "<group>";
		};
		D085C7512E0305AA009A59D3 /* Badge */ = {
			isa = PBXGroup;
			children = (
				D085C7522E0305B6009A59D3 /* BadgeManager.swift */,
			);
			path = Badge;
			sourceTree = "<group>";
		};
		D085C7542E0307B7009A59D3 /* Model */ = {
			isa = PBXGroup;
			children = (
				D085C7552E0307BC009A59D3 /* UserModel.swift */,
				D085C7632E030BBE009A59D3 /* AgeRange.swift */,
			);
			path = Model;
			sourceTree = "<group>";
		};
		D085C7572E0307C3009A59D3 /* Main */ = {
			isa = PBXGroup;
			children = (
				D085C75D2E030818009A59D3 /* Components */,
				D085C75A2E0307E4009A59D3 /* Cards */,
			);
			path = Main;
			sourceTree = "<group>";
		};
		D085C75A2E0307E4009A59D3 /* Cards */ = {
			isa = PBXGroup;
			children = (
				D085C75B2E0307F8009A59D3 /* StoryDetailView.swift */,
				D085C7582E0307D8009A59D3 /* HomeView.swift */,
			);
			path = Cards;
			sourceTree = "<group>";
		};
		D085C75D2E030818009A59D3 /* Components */ = {
			isa = PBXGroup;
			children = (
				D085C75E2E030822009A59D3 /* UserCardView.swift */,
				D085C7842E04A987009A59D3 /* StoryProgressBar.swift */,
			);
			path = Components;
			sourceTree = "<group>";
		};
		D085C7602E030B9A009A59D3 /* DataBaseManager */ = {
			isa = PBXGroup;
			children = (
				D085C7612E030BA5009A59D3 /* DummyUserDatabase.swift */,
			);
			path = DataBaseManager;
			sourceTree = "<group>";
		};
		D085C76E2E04577C009A59D3 /* Localized */ = {
			isa = PBXGroup;
			children = (
				D085C76F2E0458CB009A59D3 /* Localizable.xcstrings */,
			);
			path = Localized;
			sourceTree = "<group>";
		};
		D0FEB2DE2E02D00E00442430 = {
			isa = PBXGroup;
			children = (
				D0FEB3192E02D1F900442430 /* BestApp */,
				D0FEB31F2E02D1FD00442430 /* BestAppTests */,
				D0FEB3232E02D20200442430 /* BestAppUITests */,
				D0FEB2E82E02D00E00442430 /* Products */,
			);
			sourceTree = "<group>";
		};
		D0FEB2E82E02D00E00442430 /* Products */ = {
			isa = PBXGroup;
			children = (
				D0FEB2E72E02D00E00442430 /* BestApp.app */,
				D0FEB2F72E02D01000442430 /* BestAppTests.xctest */,
				D0FEB3012E02D01000442430 /* BestAppUITests.xctest */,
			);
			name = Products;
			sourceTree = "<group>";
		};
		D0FEB3152E02D1F900442430 /* Preview Content */ = {
			isa = PBXGroup;
			children = (
				D085C76E2E04577C009A59D3 /* Localized */,
				D085C7542E0307B7009A59D3 /* Model */,
				D085C74B2E02EAC0009A59D3 /* Manager */,
				D085C7462E02DD93009A59D3 /* Extension */,
				D085C73E2E02D91D009A59D3 /* ViewModel */,
				D085C7382E02D429009A59D3 /* Views */,
				D0FEB3142E02D1F900442430 /* Preview Assets.xcassets */,
			);
			path = "Preview Content";
			sourceTree = "<group>";
		};
		D0FEB3192E02D1F900442430 /* BestApp */ = {
			isa = PBXGroup;
			children = (
				D0FEB3152E02D1F900442430 /* Preview Content */,
				D0FEB3172E02D1F900442430 /* BestAppApp.swift */,
				D0FEB3182E02D1F900442430 /* ContentView.swift */,
				D0FEB3262E02D20D00442430 /* MainCollection */,
			);
			path = BestApp;
			sourceTree = "<group>";
		};
		D0FEB31F2E02D1FD00442430 /* BestAppTests */ = {
			isa = PBXGroup;
			children = (
				D0FEB31E2E02D1FD00442430 /* BestAppTests.swift */,
				D085C76C2E0455C3009A59D3 /* DummyUserDatabaseTests.swift */,
			);
			path = BestAppTests;
			sourceTree = "<group>";
		};
		D0FEB3232E02D20200442430 /* BestAppUITests */ = {
			isa = PBXGroup;
			children = (
				D0FEB3212E02D20200442430 /* BestAppUITests.swift */,
				D0FEB3222E02D20200442430 /* BestAppUITestsLaunchTests.swift */,
			);
			path = BestAppUITests;
			sourceTree = "<group>";
		};
		D0FEB3262E02D20D00442430 /* MainCollection */ = {
			isa = PBXGroup;
			children = (
				D0FEB3162E02D1F900442430 /* Assets.xcassets */,
				D0FEB3272E02D22700442430 /* Launch Screen.storyboard */,
			);
			path = MainCollection;
			sourceTree = "<group>";
		};
/* End PBXGroup section */

/* Begin PBXNativeTarget section */
		D0FEB2E62E02D00E00442430 /* BestApp */ = {
			isa = PBXNativeTarget;
			buildConfigurationList = D0FEB30B2E02D01000442430 /* Build configuration list for PBXNativeTarget "BestApp" */;
			buildPhases = (
				D0FEB2E32E02D00E00442430 /* Sources */,
				D0FEB2E42E02D00E00442430 /* Frameworks */,
				D0FEB2E52E02D00E00442430 /* Resources */,
			);
			buildRules = (
			);
			dependencies = (
			);
			name = BestApp;
			packageProductDependencies = (
				D085C7682E0421B1009A59D3 /* DSWaveformImage */,
				D085C76A2E0421B1009A59D3 /* DSWaveformImageViews */,
			);
			productName = BestApp;
			productReference = D0FEB2E72E02D00E00442430 /* BestApp.app */;
			productType = "com.apple.product-type.application";
		};
		D0FEB2F62E02D01000442430 /* BestAppTests */ = {
			isa = PBXNativeTarget;
			buildConfigurationList = D0FEB30E2E02D01000442430 /* Build configuration list for PBXNativeTarget "BestAppTests" */;
			buildPhases = (
				D0FEB2F32E02D01000442430 /* Sources */,
				D0FEB2F42E02D01000442430 /* Frameworks */,
				D0FEB2F52E02D01000442430 /* Resources */,
			);
			buildRules = (
			);
			dependencies = (
				D0FEB2F92E02D01000442430 /* PBXTargetDependency */,
			);
			name = BestAppTests;
			packageProductDependencies = (
			);
			productName = BestAppTests;
			productReference = D0FEB2F72E02D01000442430 /* BestAppTests.xctest */;
			productType = "com.apple.product-type.bundle.unit-test";
		};
		D0FEB3002E02D01000442430 /* BestAppUITests */ = {
			isa = PBXNativeTarget;
			buildConfigurationList = D0FEB3112E02D01000442430 /* Build configuration list for PBXNativeTarget "BestAppUITests" */;
			buildPhases = (
				D0FEB2FD2E02D01000442430 /* Sources */,
				D0FEB2FE2E02D01000442430 /* Frameworks */,
				D0FEB2FF2E02D01000442430 /* Resources */,
			);
			buildRules = (
			);
			dependencies = (
				D0FEB3032E02D01000442430 /* PBXTargetDependency */,
			);
			name = BestAppUITests;
			packageProductDependencies = (
			);
			productName = BestAppUITests;
			productReference = D0FEB3012E02D01000442430 /* BestAppUITests.xctest */;
			productType = "com.apple.product-type.bundle.ui-testing";
		};
/* End PBXNativeTarget section */

/* Begin PBXProject section */
		D0FEB2DF2E02D00E00442430 /* Project object */ = {
			isa = PBXProject;
			attributes = {
				BuildIndependentTargetsInParallel = 1;
				LastSwiftUpdateCheck = 1620;
				LastUpgradeCheck = 1620;
				TargetAttributes = {
					D0FEB2E62E02D00E00442430 = {
						CreatedOnToolsVersion = 16.2;
					};
					D0FEB2F62E02D01000442430 = {
						CreatedOnToolsVersion = 16.2;
						TestTargetID = D0FEB2E62E02D00E00442430;
					};
					D0FEB3002E02D01000442430 = {
						CreatedOnToolsVersion = 16.2;
						TestTargetID = D0FEB2E62E02D00E00442430;
					};
				};
			};
			buildConfigurationList = D0FEB2E22E02D00E00442430 /* Build configuration list for PBXProject "BestApp" */;
			developmentRegion = en;
			hasScannedForEncodings = 0;
			knownRegions = (
				en,
				Base,
				"rm-CH",
				"it-CH",
				"de-CH",
				"fr-CH",
			);
			mainGroup = D0FEB2DE2E02D00E00442430;
			minimizedProjectReferenceProxies = 1;
			packageReferences = (
				D085C7672E0421B1009A59D3 /* XCRemoteSwiftPackageReference "DSWaveformImage" */,
			);
			preferredProjectObjectVersion = 77;
			productRefGroup = D0FEB2E82E02D00E00442430 /* Products */;
			projectDirPath = "";
			projectRoot = "";
			targets = (
				D0FEB2E62E02D00E00442430 /* BestApp */,
				D0FEB2F62E02D01000442430 /* BestAppTests */,
				D0FEB3002E02D01000442430 /* BestAppUITests */,
			);
		};
/* End PBXProject section */

/* Begin PBXResourcesBuildPhase section */
		D0FEB2E52E02D00E00442430 /* Resources */ = {
			isa = PBXResourcesBuildPhase;
			buildActionMask = 2147483647;
			files = (
				D0FEB3282E02D22700442430 /* Launch Screen.storyboard in Resources */,
				D0FEB31A2E02D1F900442430 /* Preview Assets.xcassets in Resources */,
				D085C7702E0458CB009A59D3 /* Localizable.xcstrings in Resources */,
				D0FEB31B2E02D1F900442430 /* Assets.xcassets in Resources */,
			);
			runOnlyForDeploymentPostprocessing = 0;
		};
		D0FEB2F52E02D01000442430 /* Resources */ = {
			isa = PBXResourcesBuildPhase;
			buildActionMask = 2147483647;
			files = (
			);
			runOnlyForDeploymentPostprocessing = 0;
		};
		D0FEB2FF2E02D01000442430 /* Resources */ = {
			isa = PBXResourcesBuildPhase;
			buildActionMask = 2147483647;
			files = (
			);
			runOnlyForDeploymentPostprocessing = 0;
		};
/* End PBXResourcesBuildPhase section */

/* Begin PBXSourcesBuildPhase section */
		D0FEB2E32E02D00E00442430 /* Sources */ = {
			isa = PBXSourcesBuildPhase;
			buildActionMask = 2147483647;
			files = (
				D085C75C2E0307F8009A59D3 /* StoryDetailView.swift in Sources */,
				D085C7622E030BA5009A59D3 /* DummyUserDatabase.swift in Sources */,
				D085C75F2E030822009A59D3 /* UserCardView.swift in Sources */,
				D085C7432E02D948009A59D3 /* GenderSelectionView.swift in Sources */,
				D085C7592E0307D8009A59D3 /* HomeView.swift in Sources */,
				D085C7402E02D927009A59D3 /* OnboardingViewModel.swift in Sources */,
				D085C73A2E02D444009A59D3 /* Tabbar.swift in Sources */,
				D0FEB31C2E02D1F900442430 /* BestAppApp.swift in Sources */,
				D085C7852E04A987009A59D3 /* StoryProgressBar.swift in Sources */,
				D085C7662E032910009A59D3 /* RecordingViewModel.swift in Sources */,
				D085C7482E02DDAA009A59D3 /* PreviewDatas.swift in Sources */,
				D085C7562E0307BC009A59D3 /* UserModel.swift in Sources */,
				D085C7502E02F0C3009A59D3 /* NavigationState.swift in Sources */,
				D085C74D2E02EAD6009A59D3 /* RouteManager.swift in Sources */,
				D085C7452E02DD62009A59D3 /* InterestPreferencesView.swift in Sources */,
				D0FEB31D2E02D1F900442430 /* ContentView.swift in Sources */,
				D085C74A2E02E408009A59D3 /* NameEntryView.swift in Sources */,
				D085C73D2E02D4DB009A59D3 /* Tab.swift in Sources */,
				D085C7532E0305B6009A59D3 /* BadgeManager.swift in Sources */,
				D085C7642E030BBE009A59D3 /* AgeRange.swift in Sources */,
			);
			runOnlyForDeploymentPostprocessing = 0;
		};
		D0FEB2F32E02D01000442430 /* Sources */ = {
			isa = PBXSourcesBuildPhase;
			buildActionMask = 2147483647;
			files = (
				D085C76D2E0455C3009A59D3 /* DummyUserDatabaseTests.swift in Sources */,
				D0FEB3202E02D1FD00442430 /* BestAppTests.swift in Sources */,
			);
			runOnlyForDeploymentPostprocessing = 0;
		};
		D0FEB2FD2E02D01000442430 /* Sources */ = {
			isa = PBXSourcesBuildPhase;
			buildActionMask = 2147483647;
			files = (
				D0FEB3242E02D20200442430 /* BestAppUITests.swift in Sources */,
				D0FEB3252E02D20200442430 /* BestAppUITestsLaunchTests.swift in Sources */,
			);
			runOnlyForDeploymentPostprocessing = 0;
		};
/* End PBXSourcesBuildPhase section */

/* Begin PBXTargetDependency section */
		D0FEB2F92E02D01000442430 /* PBXTargetDependency */ = {
			isa = PBXTargetDependency;
			target = D0FEB2E62E02D00E00442430 /* BestApp */;
			targetProxy = D0FEB2F82E02D01000442430 /* PBXContainerItemProxy */;
		};
		D0FEB3032E02D01000442430 /* PBXTargetDependency */ = {
			isa = PBXTargetDependency;
			target = D0FEB2E62E02D00E00442430 /* BestApp */;
			targetProxy = D0FEB3022E02D01000442430 /* PBXContainerItemProxy */;
		};
/* End PBXTargetDependency section */

/* Begin XCBuildConfiguration section */
		D0FEB3092E02D01000442430 /* Debug */ = {
			isa = XCBuildConfiguration;
			buildSettings = {
				ALWAYS_SEARCH_USER_PATHS = NO;
				ASSETCATALOG_COMPILER_GENERATE_SWIFT_ASSET_SYMBOL_EXTENSIONS = YES;
				CLANG_ANALYZER_NONNULL = YES;
				CLANG_ANALYZER_NUMBER_OBJECT_CONVERSION = YES_AGGRESSIVE;
				CLANG_CXX_LANGUAGE_STANDARD = "gnu++20";
				CLANG_ENABLE_MODULES = YES;
				CLANG_ENABLE_OBJC_ARC = YES;
				CLANG_ENABLE_OBJC_WEAK = YES;
				CLANG_WARN_BLOCK_CAPTURE_AUTORELEASING = YES;
				CLANG_WARN_BOOL_CONVERSION = YES;
				CLANG_WARN_COMMA = YES;
				CLANG_WARN_CONSTANT_CONVERSION = YES;
				CLANG_WARN_DEPRECATED_OBJC_IMPLEMENTATIONS = YES;
				CLANG_WARN_DIRECT_OBJC_ISA_USAGE = YES_ERROR;
				CLANG_WARN_DOCUMENTATION_COMMENTS = YES;
				CLANG_WARN_EMPTY_BODY = YES;
				CLANG_WARN_ENUM_CONVERSION = YES;
				CLANG_WARN_INFINITE_RECURSION = YES;
				CLANG_WARN_INT_CONVERSION = YES;
				CLANG_WARN_NON_LITERAL_NULL_CONVERSION = YES;
				CLANG_WARN_OBJC_IMPLICIT_RETAIN_SELF = YES;
				CLANG_WARN_OBJC_LITERAL_CONVERSION = YES;
				CLANG_WARN_OBJC_ROOT_CLASS = YES_ERROR;
				CLANG_WARN_QUOTED_INCLUDE_IN_FRAMEWORK_HEADER = YES;
				CLANG_WARN_RANGE_LOOP_ANALYSIS = YES;
				CLANG_WARN_STRICT_PROTOTYPES = YES;
				CLANG_WARN_SUSPICIOUS_MOVE = YES;
				CLANG_WARN_UNGUARDED_AVAILABILITY = YES_AGGRESSIVE;
				CLANG_WARN_UNREACHABLE_CODE = YES;
				CLANG_WARN__DUPLICATE_METHOD_MATCH = YES;
				COPY_PHASE_STRIP = NO;
				DEBUG_INFORMATION_FORMAT = dwarf;
				ENABLE_STRICT_OBJC_MSGSEND = YES;
				ENABLE_TESTABILITY = YES;
				ENABLE_USER_SCRIPT_SANDBOXING = YES;
				GCC_C_LANGUAGE_STANDARD = gnu17;
				GCC_DYNAMIC_NO_PIC = NO;
				GCC_NO_COMMON_BLOCKS = YES;
				GCC_OPTIMIZATION_LEVEL = 0;
				GCC_PREPROCESSOR_DEFINITIONS = (
					"DEBUG=1",
					"$(inherited)",
				);
				GCC_WARN_64_TO_32_BIT_CONVERSION = YES;
				GCC_WARN_ABOUT_RETURN_TYPE = YES_ERROR;
				GCC_WARN_UNDECLARED_SELECTOR = YES;
				GCC_WARN_UNINITIALIZED_AUTOS = YES_AGGRESSIVE;
				GCC_WARN_UNUSED_FUNCTION = YES;
				GCC_WARN_UNUSED_VARIABLE = YES;
				IPHONEOS_DEPLOYMENT_TARGET = 18.2;
				LOCALIZATION_PREFERS_STRING_CATALOGS = YES;
				MTL_ENABLE_DEBUG_INFO = INCLUDE_SOURCE;
				MTL_FAST_MATH = YES;
				ONLY_ACTIVE_ARCH = YES;
				SDKROOT = iphoneos;
				SWIFT_ACTIVE_COMPILATION_CONDITIONS = "DEBUG $(inherited)";
				SWIFT_EMIT_LOC_STRINGS = YES;
				SWIFT_OPTIMIZATION_LEVEL = "-Onone";
			};
			name = Debug;
		};
		D0FEB30A2E02D01000442430 /* Release */ = {
			isa = XCBuildConfiguration;
			buildSettings = {
				ALWAYS_SEARCH_USER_PATHS = NO;
				ASSETCATALOG_COMPILER_GENERATE_SWIFT_ASSET_SYMBOL_EXTENSIONS = YES;
				CLANG_ANALYZER_NONNULL = YES;
				CLANG_ANALYZER_NUMBER_OBJECT_CONVERSION = YES_AGGRESSIVE;
				CLANG_CXX_LANGUAGE_STANDARD = "gnu++20";
				CLANG_ENABLE_MODULES = YES;
				CLANG_ENABLE_OBJC_ARC = YES;
				CLANG_ENABLE_OBJC_WEAK = YES;
				CLANG_WARN_BLOCK_CAPTURE_AUTORELEASING = YES;
				CLANG_WARN_BOOL_CONVERSION = YES;
				CLANG_WARN_COMMA = YES;
				CLANG_WARN_CONSTANT_CONVERSION = YES;
				CLANG_WARN_DEPRECATED_OBJC_IMPLEMENTATIONS = YES;
				CLANG_WARN_DIRECT_OBJC_ISA_USAGE = YES_ERROR;
				CLANG_WARN_DOCUMENTATION_COMMENTS = YES;
				CLANG_WARN_EMPTY_BODY = YES;
				CLANG_WARN_ENUM_CONVERSION = YES;
				CLANG_WARN_INFINITE_RECURSION = YES;
				CLANG_WARN_INT_CONVERSION = YES;
				CLANG_WARN_NON_LITERAL_NULL_CONVERSION = YES;
				CLANG_WARN_OBJC_IMPLICIT_RETAIN_SELF = YES;
				CLANG_WARN_OBJC_LITERAL_CONVERSION = YES;
				CLANG_WARN_OBJC_ROOT_CLASS = YES_ERROR;
				CLANG_WARN_QUOTED_INCLUDE_IN_FRAMEWORK_HEADER = YES;
				CLANG_WARN_RANGE_LOOP_ANALYSIS = YES;
				CLANG_WARN_STRICT_PROTOTYPES = YES;
				CLANG_WARN_SUSPICIOUS_MOVE = YES;
				CLANG_WARN_UNGUARDED_AVAILABILITY = YES_AGGRESSIVE;
				CLANG_WARN_UNREACHABLE_CODE = YES;
				CLANG_WARN__DUPLICATE_METHOD_MATCH = YES;
				COPY_PHASE_STRIP = NO;
				DEBUG_INFORMATION_FORMAT = "dwarf-with-dsym";
				ENABLE_NS_ASSERTIONS = NO;
				ENABLE_STRICT_OBJC_MSGSEND = YES;
				ENABLE_USER_SCRIPT_SANDBOXING = YES;
				GCC_C_LANGUAGE_STANDARD = gnu17;
				GCC_NO_COMMON_BLOCKS = YES;
				GCC_WARN_64_TO_32_BIT_CONVERSION = YES;
				GCC_WARN_ABOUT_RETURN_TYPE = YES_ERROR;
				GCC_WARN_UNDECLARED_SELECTOR = YES;
				GCC_WARN_UNINITIALIZED_AUTOS = YES_AGGRESSIVE;
				GCC_WARN_UNUSED_FUNCTION = YES;
				GCC_WARN_UNUSED_VARIABLE = YES;
				IPHONEOS_DEPLOYMENT_TARGET = 18.2;
				LOCALIZATION_PREFERS_STRING_CATALOGS = YES;
				MTL_ENABLE_DEBUG_INFO = NO;
				MTL_FAST_MATH = YES;
				SDKROOT = iphoneos;
				SWIFT_COMPILATION_MODE = wholemodule;
				SWIFT_EMIT_LOC_STRINGS = YES;
				VALIDATE_PRODUCT = YES;
			};
			name = Release;
		};
		D0FEB30C2E02D01000442430 /* Debug */ = {
			isa = XCBuildConfiguration;
			buildSettings = {
				ASSETCATALOG_COMPILER_APPICON_NAME = AppIcon;
				ASSETCATALOG_COMPILER_GLOBAL_ACCENT_COLOR_NAME = AccentColor;
				CODE_SIGN_IDENTITY = "Apple Development";
				CODE_SIGN_STYLE = Automatic;
				CURRENT_PROJECT_VERSION = 1;
				DEVELOPMENT_ASSET_PATHS = "\"BestApp/Preview Content\"";
				DEVELOPMENT_TEAM = J6DLB4DD6K;
				ENABLE_PREVIEWS = YES;
				GENERATE_INFOPLIST_FILE = YES;
				INFOPLIST_KEY_NSMicrophoneUsageDescription = "please allow the this application to access your microphone for recording";
				INFOPLIST_KEY_UIApplicationSceneManifest_Generation = YES;
				INFOPLIST_KEY_UIApplicationSupportsIndirectInputEvents = YES;
				INFOPLIST_KEY_UILaunchScreen_Generation = YES;
				INFOPLIST_KEY_UISupportedInterfaceOrientations_iPad = "UIInterfaceOrientationPortrait UIInterfaceOrientationPortraitUpsideDown UIInterfaceOrientationLandscapeLeft UIInterfaceOrientationLandscapeRight";
				INFOPLIST_KEY_UISupportedInterfaceOrientations_iPhone = "UIInterfaceOrientationPortrait UIInterfaceOrientationLandscapeLeft UIInterfaceOrientationLandscapeRight";
				IPHONEOS_DEPLOYMENT_TARGET = 17.0;
				LD_RUNPATH_SEARCH_PATHS = (
					"$(inherited)",
					"@executable_path/Frameworks",
				);
				MARKETING_VERSION = 1.0;
				PRODUCT_BUNDLE_IDENTIFIER = Best12345.com.BestApp;
				PRODUCT_NAME = "$(TARGET_NAME)";
				PROVISIONING_PROFILE_SPECIFIER = "";
				SWIFT_EMIT_LOC_STRINGS = YES;
				SWIFT_VERSION = 5.0;
				TARGETED_DEVICE_FAMILY = "1,2";
			};
			name = Debug;
		};
		D0FEB30D2E02D01000442430 /* Release */ = {
			isa = XCBuildConfiguration;
			buildSettings = {
				ASSETCATALOG_COMPILER_APPICON_NAME = AppIcon;
				ASSETCATALOG_COMPILER_GLOBAL_ACCENT_COLOR_NAME = AccentColor;
				CODE_SIGN_IDENTITY = "Apple Development";
				CODE_SIGN_STYLE = Automatic;
				CURRENT_PROJECT_VERSION = 1;
				DEVELOPMENT_ASSET_PATHS = "\"BestApp/Preview Content\"";
				DEVELOPMENT_TEAM = J6DLB4DD6K;
				ENABLE_PREVIEWS = YES;
				GENERATE_INFOPLIST_FILE = YES;
				INFOPLIST_KEY_NSMicrophoneUsageDescription = "please allow the this application to access your microphone for recording";
				INFOPLIST_KEY_UIApplicationSceneManifest_Generation = YES;
				INFOPLIST_KEY_UIApplicationSupportsIndirectInputEvents = YES;
				INFOPLIST_KEY_UILaunchScreen_Generation = YES;
				INFOPLIST_KEY_UISupportedInterfaceOrientations_iPad = "UIInterfaceOrientationPortrait UIInterfaceOrientationPortraitUpsideDown UIInterfaceOrientationLandscapeLeft UIInterfaceOrientationLandscapeRight";
				INFOPLIST_KEY_UISupportedInterfaceOrientations_iPhone = "UIInterfaceOrientationPortrait UIInterfaceOrientationLandscapeLeft UIInterfaceOrientationLandscapeRight";
				IPHONEOS_DEPLOYMENT_TARGET = 17.0;
				LD_RUNPATH_SEARCH_PATHS = (
					"$(inherited)",
					"@executable_path/Frameworks",
				);
				MARKETING_VERSION = 1.0;
				PRODUCT_BUNDLE_IDENTIFIER = Best12345.com.BestApp;
				PRODUCT_NAME = "$(TARGET_NAME)";
				PROVISIONING_PROFILE_SPECIFIER = "";
				SWIFT_EMIT_LOC_STRINGS = YES;
				SWIFT_VERSION = 5.0;
				TARGETED_DEVICE_FAMILY = "1,2";
			};
			name = Release;
		};
		D0FEB30F2E02D01000442430 /* Debug */ = {
			isa = XCBuildConfiguration;
			buildSettings = {
				BUNDLE_LOADER = "$(TEST_HOST)";
				CODE_SIGN_STYLE = Automatic;
				CURRENT_PROJECT_VERSION = 1;
				GENERATE_INFOPLIST_FILE = YES;
				IPHONEOS_DEPLOYMENT_TARGET = 18.2;
				MARKETING_VERSION = 1.0;
				PRODUCT_BUNDLE_IDENTIFIER = Best.com.BestAppTests;
				PRODUCT_NAME = "$(TARGET_NAME)";
				SWIFT_EMIT_LOC_STRINGS = NO;
				SWIFT_VERSION = 5.0;
				TARGETED_DEVICE_FAMILY = "1,2";
				TEST_HOST = "$(BUILT_PRODUCTS_DIR)/BestApp.app/$(BUNDLE_EXECUTABLE_FOLDER_PATH)/BestApp";
			};
			name = Debug;
		};
		D0FEB3102E02D01000442430 /* Release */ = {
			isa = XCBuildConfiguration;
			buildSettings = {
				BUNDLE_LOADER = "$(TEST_HOST)";
				CODE_SIGN_STYLE = Automatic;
				CURRENT_PROJECT_VERSION = 1;
				GENERATE_INFOPLIST_FILE = YES;
				IPHONEOS_DEPLOYMENT_TARGET = 18.2;
				MARKETING_VERSION = 1.0;
				PRODUCT_BUNDLE_IDENTIFIER = Best.com.BestAppTests;
				PRODUCT_NAME = "$(TARGET_NAME)";
				SWIFT_EMIT_LOC_STRINGS = NO;
				SWIFT_VERSION = 5.0;
				TARGETED_DEVICE_FAMILY = "1,2";
				TEST_HOST = "$(BUILT_PRODUCTS_DIR)/BestApp.app/$(BUNDLE_EXECUTABLE_FOLDER_PATH)/BestApp";
			};
			name = Release;
		};
		D0FEB3122E02D01000442430 /* Debug */ = {
			isa = XCBuildConfiguration;
			buildSettings = {
				CODE_SIGN_STYLE = Automatic;
				CURRENT_PROJECT_VERSION = 1;
				GENERATE_INFOPLIST_FILE = YES;
				MARKETING_VERSION = 1.0;
				PRODUCT_BUNDLE_IDENTIFIER = Best.com.BestAppUITests;
				PRODUCT_NAME = "$(TARGET_NAME)";
				SWIFT_EMIT_LOC_STRINGS = NO;
				SWIFT_VERSION = 5.0;
				TARGETED_DEVICE_FAMILY = "1,2";
				TEST_TARGET_NAME = BestApp;
			};
			name = Debug;
		};
		D0FEB3132E02D01000442430 /* Release */ = {
			isa = XCBuildConfiguration;
			buildSettings = {
				CODE_SIGN_STYLE = Automatic;
				CURRENT_PROJECT_VERSION = 1;
				GENERATE_INFOPLIST_FILE = YES;
				MARKETING_VERSION = 1.0;
				PRODUCT_BUNDLE_IDENTIFIER = Best.com.BestAppUITests;
				PRODUCT_NAME = "$(TARGET_NAME)";
				SWIFT_EMIT_LOC_STRINGS = NO;
				SWIFT_VERSION = 5.0;
				TARGETED_DEVICE_FAMILY = "1,2";
				TEST_TARGET_NAME = BestApp;
			};
			name = Release;
		};
/* End XCBuildConfiguration section */

/* Begin XCConfigurationList section */
		D0FEB2E22E02D00E00442430 /* Build configuration list for PBXProject "BestApp" */ = {
			isa = XCConfigurationList;
			buildConfigurations = (
				D0FEB3092E02D01000442430 /* Debug */,
				D0FEB30A2E02D01000442430 /* Release */,
			);
			defaultConfigurationIsVisible = 0;
			defaultConfigurationName = Release;
		};
		D0FEB30B2E02D01000442430 /* Build configuration list for PBXNativeTarget "BestApp" */ = {
			isa = XCConfigurationList;
			buildConfigurations = (
				D0FEB30C2E02D01000442430 /* Debug */,
				D0FEB30D2E02D01000442430 /* Release */,
			);
			defaultConfigurationIsVisible = 0;
			defaultConfigurationName = Release;
		};
		D0FEB30E2E02D01000442430 /* Build configuration list for PBXNativeTarget "BestAppTests" */ = {
			isa = XCConfigurationList;
			buildConfigurations = (
				D0FEB30F2E02D01000442430 /* Debug */,
				D0FEB3102E02D01000442430 /* Release */,
			);
			defaultConfigurationIsVisible = 0;
			defaultConfigurationName = Release;
		};
		D0FEB3112E02D01000442430 /* Build configuration list for PBXNativeTarget "BestAppUITests" */ = {
			isa = XCConfigurationList;
			buildConfigurations = (
				D0FEB3122E02D01000442430 /* Debug */,
				D0FEB3132E02D01000442430 /* Release */,
			);
			defaultConfigurationIsVisible = 0;
			defaultConfigurationName = Release;
		};
/* End XCConfigurationList section */

/* Begin XCRemoteSwiftPackageReference section */
		D085C7672E0421B1009A59D3 /* XCRemoteSwiftPackageReference "DSWaveformImage" */ = {
			isa = XCRemoteSwiftPackageReference;
			repositoryURL = "https://github.com/dmrschmidt/DSWaveformImage.git";
			requirement = {
				kind = upToNextMajorVersion;
				minimumVersion = 14.2.2;
			};
		};
/* End XCRemoteSwiftPackageReference section */

/* Begin XCSwiftPackageProductDependency section */
		D085C7682E0421B1009A59D3 /* DSWaveformImage */ = {
			isa = XCSwiftPackageProductDependency;
			package = D085C7672E0421B1009A59D3 /* XCRemoteSwiftPackageReference "DSWaveformImage" */;
			productName = DSWaveformImage;
		};
		D085C76A2E0421B1009A59D3 /* DSWaveformImageViews */ = {
			isa = XCSwiftPackageProductDependency;
			package = D085C7672E0421B1009A59D3 /* XCRemoteSwiftPackageReference "DSWaveformImage" */;
			productName = DSWaveformImageViews;
		};
/* End XCSwiftPackageProductDependency section */
	};
	rootObject = D0FEB2DF2E02D00E00442430 /* Project object */;
}
